
Microsoft Visual Studio Solution File, Format Version 12.00
# Visual Studio Version 17
VisualStudioVersion = 17.13.35818.85 d17.13
MinimumVisualStudioVersion = 10.0.40219.1
Project("{FAE04EC0-301F-11D3-BF4B-00C04F79EFBC}") = "CDPAutomation", "CDPAutomation\CDPAutomation.csproj", "{EDABB134-2A53-4EE9-AC5D-D1BA530FC83F}"
EndProject
Global
	GlobalSection(SolutionConfigurationPlatforms) = preSolution
		Debug|Any CPU = Debug|Any CPU
		Release|Any CPU = Release|Any CPU
	EndGlobalSection
	GlobalSection(ProjectConfigurationPlatforms) = postSolution
		{EDABB134-2A53-4EE9-AC5D-D1BA530FC83F}.Debug|Any CPU.ActiveCfg = Debug|Any CPU
		{EDABB134-2A53-4EE9-AC5D-D1BA530FC83F}.Debug|Any CPU.Build.0 = Debug|Any CPU
		{EDABB134-2A53-4EE9-AC5D-D1BA530FC83F}.Release|Any CPU.ActiveCfg = Release|Any CPU
		{EDABB134-2A53-4EE9-AC5D-D1BA530FC83F}.Release|Any CPU.Build.0 = Release|Any CPU
	EndGlobalSection
	GlobalSection(SolutionProperties) = preSolution
		HideSolutionNode = FALSE
	EndGlobalSection
	GlobalSection(ExtensibilityGlobals) = postSolution
		SolutionGuid = {AB2100E7-B6F4-4260-9977-65975BFB5BA1}
	EndGlobalSection
EndGlobal
